
Microsoft Visual Studio Solution File, Format Version 11.00
# Visual Studio 2010
Project("{FAE04EC0-301F-11D3-BF4B-00C04F79EFBC}") = "Assembly-CSharp", "Assembly-CSharp.csproj", "{7ffa0f21-b111-2c62-088a-477c630aca5c}"
EndProject
Project("{FAE04EC0-301F-11D3-BF4B-00C04F79EFBC}") = "Assembly-CSharp-Editor", "Assembly-CSharp-Editor.csproj", "{8406db94-5137-400a-9f76-f9fe1da1cfd4}"
EndProject
Global
	GlobalSection(SolutionConfigurationPlatforms) = preSolution
		Debug|Any CPU = Debug|Any CPU
	EndGlobalSection
	GlobalSection(ProjectConfigurationPlatforms) = postSolution
		{7ffa0f21-b111-2c62-088a-477c630aca5c}.Debug|Any CPU.ActiveCfg = Debug|Any CPU
		{7ffa0f21-b111-2c62-088a-477c630aca5c}.Debug|Any CPU.Build.0 = Debug|Any CPU
		{8406db94-5137-400a-9f76-f9fe1da1cfd4}.Debug|Any CPU.ActiveCfg = Debug|Any CPU
		{8406db94-5137-400a-9f76-f9fe1da1cfd4}.Debug|Any CPU.Build.0 = Debug|Any CPU
	EndGlobalSection
	GlobalSection(SolutionProperties) = preSolution
		HideSolutionNode = FALSE
	EndGlobalSection
EndGlobal
